
Microsoft Visual Studio Solution File, Format Version 12.00
Project("{FAE04EC0-301F-11D3-BF4B-00C04F79EFBC}") = "Omegapoint.Functions", "Omegapoint.Functions\Omegapoint.Functions.csproj", "{6CBD2E8B-CB23-4BFF-BCF7-E46A51971F74}"
EndProject
Project("{2150E333-8FDC-42A3-9474-1A3956D46DE8}") = "SolutionItems", "SolutionItems", "{E32BFEA7-14B6-4BED-BE1E-C9DF6763E69B}"
	ProjectSection(SolutionItems) = preProject
		..\.gitignore = ..\.gitignore
	EndProjectSection
EndProject
Global
	GlobalSection(SolutionConfigurationPlatforms) = preSolution
		Debug|Any CPU = Debug|Any CPU
		Release|Any CPU = Release|Any CPU
	EndGlobalSection
	GlobalSection(ProjectConfigurationPlatforms) = postSolution
		{6CBD2E8B-CB23-4BFF-BCF7-E46A51971F74}.Debug|Any CPU.ActiveCfg = Debug|Any CPU
		{6CBD2E8B-CB23-4BFF-BCF7-E46A51971F74}.Debug|Any CPU.Build.0 = Debug|Any CPU
		{6CBD2E8B-CB23-4BFF-BCF7-E46A51971F74}.Release|Any CPU.ActiveCfg = Release|Any CPU
		{6CBD2E8B-CB23-4BFF-BCF7-E46A51971F74}.Release|Any CPU.Build.0 = Release|Any CPU
	EndGlobalSection
EndGlobal
